
Microsoft Visual Studio Solution File, Format Version 12.00
# Visual Studio Version 17
VisualStudioVersion = 17.14.36408.4
MinimumVisualStudioVersion = 10.0.40219.1
Project("{FAE04EC0-301F-11D3-BF4B-00C04F79EFBC}") = "DisciplineApp.Api", "DisciplineApp.Api\DisciplineApp.Api.csproj", "{C2C3C363-6EAC-40A8-82A6-A80C571B6DB2}"
EndProject
Global
	GlobalSection(SolutionConfigurationPlatforms) = preSolution
		Debug|Any CPU = Debug|Any CPU
		Release|Any CPU = Release|Any CPU
	EndGlobalSection
	GlobalSection(ProjectConfigurationPlatforms) = postSolution
		{C2C3C363-6EAC-40A8-82A6-A80C571B6DB2}.Debug|Any CPU.ActiveCfg = Debug|Any CPU
		{C2C3C363-6EAC-40A8-82A6-A80C571B6DB2}.Debug|Any CPU.Build.0 = Debug|Any CPU
		{C2C3C363-6EAC-40A8-82A6-A80C571B6DB2}.Release|Any CPU.ActiveCfg = Release|Any CPU
		{C2C3C363-6EAC-40A8-82A6-A80C571B6DB2}.Release|Any CPU.Build.0 = Release|Any CPU
	EndGlobalSection
	GlobalSection(SolutionProperties) = preSolution
		HideSolutionNode = FALSE
	EndGlobalSection
	GlobalSection(ExtensibilityGlobals) = postSolution
		SolutionGuid = {B8C18935-7310-40C2-B380-BE832C600DAD}
	EndGlobalSection
EndGlobal
